
Microsoft Visual Studio Solution File, Format Version 12.00
# Visual Studio 15
VisualStudioVersion = 15.0.28010.2003
MinimumVisualStudioVersion = 10.0.40219.1
Project("{2150E333-8FDC-42A3-9474-1A3956D46DE8}") = ".libs", ".libs", "{3A636B64-5E3C-47BB-9B7C-404744A5C54A}"
EndProject
Project("{2150E333-8FDC-42A3-9474-1A3956D46DE8}") = "Application", "Application", "{E39A697C-A5AD-411D-A1C4-793688BEE9EF}"
EndProject
Project("{2150E333-8FDC-42A3-9474-1A3956D46DE8}") = "BackgroundTasks", "BackgroundTasks", "{CB2AABA0-B6B1-48E2-9A11-B70975E7A435}"
EndProject
Project("{2150E333-8FDC-42A3-9474-1A3956D46DE8}") = "Shared", "Shared", "{1CA0809A-E05D-4ED9-A8D6-DA13FC54C58D}"
EndProject
Project("{2150E333-8FDC-42A3-9474-1A3956D46DE8}") = "Tests", "Tests", "{FC553821-E6BB-4F27-A808-F87FFDFC98BD}"
EndProject
Project("{9A19103F-16F7-4668-BE54-9A1E7A4F7556}") = "Galaxy", "libs\Galaxy\Galaxy.csproj", "{715A97C5-763B-40BF-9750-8B0CE9B813D7}"
EndProject
Project("{9A19103F-16F7-4668-BE54-9A1E7A4F7556}") = "Galaxy.Cache", "libs\Galaxy.Cache\Galaxy.Cache.csproj", "{3E44B572-B296-4AD4-907F-4B72604269F3}"
EndProject
Project("{9A19103F-16F7-4668-BE54-9A1E7A4F7556}") = "Galaxy.EntityFrameworkCore", "libs\Galaxy.EntityFrameworkCore\Galaxy.EntityFrameworkCore.csproj", "{6041E6C9-8EE9-4DAB-8508-C26CC6CF4203}"
EndProject
Project("{9A19103F-16F7-4668-BE54-9A1E7A4F7556}") = "Galaxy.FluentValidation", "libs\Galaxy.FluentValidation\Galaxy.FluentValidation.csproj", "{B58EAE98-EB96-4FA8-9F2A-9F986432C824}"
EndProject
Project("{9A19103F-16F7-4668-BE54-9A1E7A4F7556}") = "Galaxy.Mapster", "libs\Galaxy.Mapster\Galaxy.Mapster.csproj", "{8F2A023A-48E7-4FFA-8DEC-D9F5842D262B}"
EndProject
Project("{9A19103F-16F7-4668-BE54-9A1E7A4F7556}") = "Galaxy.RabbitMQ", "libs\Galaxy.RabbitMQ\Galaxy.RabbitMQ.csproj", "{F7C1F393-AA32-49F3-B829-8C6C5C42DBF5}"
EndProject
Project("{9A19103F-16F7-4668-BE54-9A1E7A4F7556}") = "Galaxy.Resilence", "libs\Galaxy.Resilence\Galaxy.Resilence.csproj", "{47E259EA-D292-4882-AA83-70A7A6BC5172}"
EndProject
Project("{9A19103F-16F7-4668-BE54-9A1E7A4F7556}") = "Galaxy.Serilog", "libs\Galaxy.Serilog\Galaxy.Serilog.csproj", "{9818E197-07B2-4815-970E-CA6107C2D215}"
EndProject
Project("{2150E333-8FDC-42A3-9474-1A3956D46DE8}") = "Hosts", "Hosts", "{F4C1B8C6-3DE9-45E8-8E13-7D1647F0F8C7}"
EndProject
Project("{9A19103F-16F7-4668-BE54-9A1E7A4F7556}") = "Galaxy.Gateway.API", "Application\Hosts\Galaxy.Gateway.API\Galaxy.Gateway.API.csproj", "{20313740-1B92-4B09-B8A3-D2239FB6BBC5}"
EndProject
Project("{9A19103F-16F7-4668-BE54-9A1E7A4F7556}") = "Galaxy.Gateway.Application", "Application\Galaxy.Gateway.Application\Galaxy.Gateway.Application.csproj", "{DAE52FD9-B02C-4D28-B198-D5F78B593AE9}"
EndProject
Project("{9A19103F-16F7-4668-BE54-9A1E7A4F7556}") = "Galaxy.Gateway.Application.Contracts", "Application\Galaxy.Gateway.Application.Contracts\Galaxy.Gateway.Application.Contracts.csproj", "{F9B3C3FF-E275-48DC-A456-6649A69CDF51}"
EndProject
Project("{9A19103F-16F7-4668-BE54-9A1E7A4F7556}") = "Galaxy.Gateway.CommandHandlers", "Application\Galaxy.Gateway.CommandHandlers\Galaxy.Gateway.CommandHandlers.csproj", "{96CA7BF4-B8BA-4F36-A9CC-DF31C32E6A6E}"
EndProject
Project("{9A19103F-16F7-4668-BE54-9A1E7A4F7556}") = "Galaxy.Gateway.IntegrationEvents", "Application\Galaxy.Gateway.IntegrationEvents\Galaxy.Gateway.IntegrationEvents.csproj", "{3AD8B856-27E0-4F8D-8864-05CBD0B02053}"
EndProject
Project("{9A19103F-16F7-4668-BE54-9A1E7A4F7556}") = "Galaxy.Gateway.Middlewares", "Application\Galaxy.Gateway.Middlewares\Galaxy.Gateway.Middlewares.csproj", "{6D616896-6797-4221-BE95-39009F19F804}"
EndProject
Project("{9A19103F-16F7-4668-BE54-9A1E7A4F7556}") = "Galaxy.Gateway.QueryHandlers", "Application\Galaxy.Gateway.QueryHandlers\Galaxy.Gateway.QueryHandlers.csproj", "{201C64AA-C5A9-44CE-9D1B-5580BFC018E8}"
EndProject
Project("{9A19103F-16F7-4668-BE54-9A1E7A4F7556}") = "Galaxy.Gateway.BackgroundTasks", "BackgroundTasks\Galaxy.Gateway.BackgroundTasks\Galaxy.Gateway.BackgroundTasks.csproj", "{16E4CA0A-FB3F-42B0-8CB0-ECE7AD482F7E}"
EndProject
Project("{9A19103F-16F7-4668-BE54-9A1E7A4F7556}") = "Galaxy.Gateway.Shared", "Shared\Galaxy.Gateway.Shared\Galaxy.Gateway.Shared.csproj", "{4A167500-EF15-49CE-ABDE-C9BFCBCAFED0}"
EndProject
Project("{2150E333-8FDC-42A3-9474-1A3956D46DE8}") = "FakeHttpServices", "FakeHttpServices", "{8A3D71F6-7F77-4EA8-B665-89B40440D3EF}"
EndProject
Project("{9A19103F-16F7-4668-BE54-9A1E7A4F7556}") = "Galaxy.Fake.API", "Tests\Galaxy.Fake.API\Galaxy.Fake.API.csproj", "{7AD2D822-EC52-4EF8-B837-99B4C2B3B9C7}"
EndProject
Project("{9A19103F-16F7-4668-BE54-9A1E7A4F7556}") = "Galaxy.Redis", "libs\Galaxy.Redis\Galaxy.Redis.csproj", "{39FCE395-2B0B-40DC-A26C-DBEF13391A74}"
EndProject
Project("{9A19103F-16F7-4668-BE54-9A1E7A4F7556}") = "Galaxy.AutoMapper", "libs\Galaxy.AutoMapper\Galaxy.AutoMapper.csproj", "{C170C78B-80A1-4A58-AC3E-33111D2E2937}"
EndProject
Project("{9A19103F-16F7-4668-BE54-9A1E7A4F7556}") = "Galaxy.NewtonSoftJson", "libs\Galaxy.NewtonSoftJson\Galaxy.NewtonSoftJson.csproj", "{951571D0-7965-40E3-8A6E-77BF35FE2997}"
EndProject
Project("{9A19103F-16F7-4668-BE54-9A1E7A4F7556}") = "Galaxy.Utf8Json", "libs\Galaxy.Utf8Json\Galaxy.Utf8Json.csproj", "{52C06C23-B803-4884-BE2A-2A8356D80A63}"
EndProject
Global
	GlobalSection(SolutionConfigurationPlatforms) = preSolution
		Debug|Any CPU = Debug|Any CPU
		Release|Any CPU = Release|Any CPU
	EndGlobalSection
	GlobalSection(ProjectConfigurationPlatforms) = postSolution
		{715A97C5-763B-40BF-9750-8B0CE9B813D7}.Debug|Any CPU.ActiveCfg = Debug|Any CPU
		{715A97C5-763B-40BF-9750-8B0CE9B813D7}.Debug|Any CPU.Build.0 = Debug|Any CPU
		{715A97C5-763B-40BF-9750-8B0CE9B813D7}.Release|Any CPU.ActiveCfg = Release|Any CPU
		{715A97C5-763B-40BF-9750-8B0CE9B813D7}.Release|Any CPU.Build.0 = Release|Any CPU
		{3E44B572-B296-4AD4-907F-4B72604269F3}.Debug|Any CPU.ActiveCfg = Debug|Any CPU
		{3E44B572-B296-4AD4-907F-4B72604269F3}.Debug|Any CPU.Build.0 = Debug|Any CPU
		{3E44B572-B296-4AD4-907F-4B72604269F3}.Release|Any CPU.ActiveCfg = Release|Any CPU
		{3E44B572-B296-4AD4-907F-4B72604269F3}.Release|Any CPU.Build.0 = Release|Any CPU
		{6041E6C9-8EE9-4DAB-8508-C26CC6CF4203}.Debug|Any CPU.ActiveCfg = Debug|Any CPU
		{6041E6C9-8EE9-4DAB-8508-C26CC6CF4203}.Debug|Any CPU.Build.0 = Debug|Any CPU
		{6041E6C9-8EE9-4DAB-8508-C26CC6CF4203}.Release|Any CPU.ActiveCfg = Release|Any CPU
		{6041E6C9-8EE9-4DAB-8508-C26CC6CF4203}.Release|Any CPU.Build.0 = Release|Any CPU
		{B58EAE98-EB96-4FA8-9F2A-9F986432C824}.Debug|Any CPU.ActiveCfg = Debug|Any CPU
		{B58EAE98-EB96-4FA8-9F2A-9F986432C824}.Debug|Any CPU.Build.0 = Debug|Any CPU
		{B58EAE98-EB96-4FA8-9F2A-9F986432C824}.Release|Any CPU.ActiveCfg = Release|Any CPU
		{B58EAE98-EB96-4FA8-9F2A-9F986432C824}.Release|Any CPU.Build.0 = Release|Any CPU
		{8F2A023A-48E7-4FFA-8DEC-D9F5842D262B}.Debug|Any CPU.ActiveCfg = Debug|Any CPU
		{8F2A023A-48E7-4FFA-8DEC-D9F5842D262B}.Debug|Any CPU.Build.0 = Debug|Any CPU
		{8F2A023A-48E7-4FFA-8DEC-D9F5842D262B}.Release|Any CPU.ActiveCfg = Release|Any CPU
		{8F2A023A-48E7-4FFA-8DEC-D9F5842D262B}.Release|Any CPU.Build.0 = Release|Any CPU
		{F7C1F393-AA32-49F3-B829-8C6C5C42DBF5}.Debug|Any CPU.ActiveCfg = Debug|Any CPU
		{F7C1F393-AA32-49F3-B829-8C6C5C42DBF5}.Debug|Any CPU.Build.0 = Debug|Any CPU
		{F7C1F393-AA32-49F3-B829-8C6C5C42DBF5}.Release|Any CPU.ActiveCfg = Release|Any CPU
		{F7C1F393-AA32-49F3-B829-8C6C5C42DBF5}.Release|Any CPU.Build.0 = Release|Any CPU
		{47E259EA-D292-4882-AA83-70A7A6BC5172}.Debug|Any CPU.ActiveCfg = Debug|Any CPU
		{47E259EA-D292-4882-AA83-70A7A6BC5172}.Debug|Any CPU.Build.0 = Debug|Any CPU
		{47E259EA-D292-4882-AA83-70A7A6BC5172}.Release|Any CPU.ActiveCfg = Release|Any CPU
		{47E259EA-D292-4882-AA83-70A7A6BC5172}.Release|Any CPU.Build.0 = Release|Any CPU
		{9818E197-07B2-4815-970E-CA6107C2D215}.Debug|Any CPU.ActiveCfg = Debug|Any CPU
		{9818E197-07B2-4815-970E-CA6107C2D215}.Debug|Any CPU.Build.0 = Debug|Any CPU
		{9818E197-07B2-4815-970E-CA6107C2D215}.Release|Any CPU.ActiveCfg = Release|Any CPU
		{9818E197-07B2-4815-970E-CA6107C2D215}.Release|Any CPU.Build.0 = Release|Any CPU
		{20313740-1B92-4B09-B8A3-D2239FB6BBC5}.Debug|Any CPU.ActiveCfg = Debug|Any CPU
		{20313740-1B92-4B09-B8A3-D2239FB6BBC5}.Debug|Any CPU.Build.0 = Debug|Any CPU
		{20313740-1B92-4B09-B8A3-D2239FB6BBC5}.Release|Any CPU.ActiveCfg = Release|Any CPU
		{20313740-1B92-4B09-B8A3-D2239FB6BBC5}.Release|Any CPU.Build.0 = Release|Any CPU
		{DAE52FD9-B02C-4D28-B198-D5F78B593AE9}.Debug|Any CPU.ActiveCfg = Debug|Any CPU
		{DAE52FD9-B02C-4D28-B198-D5F78B593AE9}.Debug|Any CPU.Build.0 = Debug|Any CPU
		{DAE52FD9-B02C-4D28-B198-D5F78B593AE9}.Release|Any CPU.ActiveCfg = Release|Any CPU
		{DAE52FD9-B02C-4D28-B198-D5F78B593AE9}.Release|Any CPU.Build.0 = Release|Any CPU
		{F9B3C3FF-E275-48DC-A456-6649A69CDF51}.Debug|Any CPU.ActiveCfg = Debug|Any CPU
		{F9B3C3FF-E275-48DC-A456-6649A69CDF51}.Debug|Any CPU.Build.0 = Debug|Any CPU
		{F9B3C3FF-E275-48DC-A456-6649A69CDF51}.Release|Any CPU.ActiveCfg = Release|Any CPU
		{F9B3C3FF-E275-48DC-A456-6649A69CDF51}.Release|Any CPU.Build.0 = Release|Any CPU
		{96CA7BF4-B8BA-4F36-A9CC-DF31C32E6A6E}.Debug|Any CPU.ActiveCfg = Debug|Any CPU
		{96CA7BF4-B8BA-4F36-A9CC-DF31C32E6A6E}.Debug|Any CPU.Build.0 = Debug|Any CPU
		{96CA7BF4-B8BA-4F36-A9CC-DF31C32E6A6E}.Release|Any CPU.ActiveCfg = Release|Any CPU
		{96CA7BF4-B8BA-4F36-A9CC-DF31C32E6A6E}.Release|Any CPU.Build.0 = Release|Any CPU
		{3AD8B856-27E0-4F8D-8864-05CBD0B02053}.Debug|Any CPU.ActiveCfg = Debug|Any CPU
		{3AD8B856-27E0-4F8D-8864-05CBD0B02053}.Debug|Any CPU.Build.0 = Debug|Any CPU
		{3AD8B856-27E0-4F8D-8864-05CBD0B02053}.Release|Any CPU.ActiveCfg = Release|Any CPU
		{3AD8B856-27E0-4F8D-8864-05CBD0B02053}.Release|Any CPU.Build.0 = Release|Any CPU
		{6D616896-6797-4221-BE95-39009F19F804}.Debug|Any CPU.ActiveCfg = Debug|Any CPU
		{6D616896-6797-4221-BE95-39009F19F804}.Debug|Any CPU.Build.0 = Debug|Any CPU
		{6D616896-6797-4221-BE95-39009F19F804}.Release|Any CPU.ActiveCfg = Release|Any CPU
		{6D616896-6797-4221-BE95-39009F19F804}.Release|Any CPU.Build.0 = Release|Any CPU
		{201C64AA-C5A9-44CE-9D1B-5580BFC018E8}.Debug|Any CPU.ActiveCfg = Debug|Any CPU
		{201C64AA-C5A9-44CE-9D1B-5580BFC018E8}.Debug|Any CPU.Build.0 = Debug|Any CPU
		{201C64AA-C5A9-44CE-9D1B-5580BFC018E8}.Release|Any CPU.ActiveCfg = Release|Any CPU
		{201C64AA-C5A9-44CE-9D1B-5580BFC018E8}.Release|Any CPU.Build.0 = Release|Any CPU
		{16E4CA0A-FB3F-42B0-8CB0-ECE7AD482F7E}.Debug|Any CPU.ActiveCfg = Debug|Any CPU
		{16E4CA0A-FB3F-42B0-8CB0-ECE7AD482F7E}.Debug|Any CPU.Build.0 = Debug|Any CPU
		{16E4CA0A-FB3F-42B0-8CB0-ECE7AD482F7E}.Release|Any CPU.ActiveCfg = Release|Any CPU
		{16E4CA0A-FB3F-42B0-8CB0-ECE7AD482F7E}.Release|Any CPU.Build.0 = Release|Any CPU
		{4A167500-EF15-49CE-ABDE-C9BFCBCAFED0}.Debug|Any CPU.ActiveCfg = Debug|Any CPU
		{4A167500-EF15-49CE-ABDE-C9BFCBCAFED0}.Debug|Any CPU.Build.0 = Debug|Any CPU
		{4A167500-EF15-49CE-ABDE-C9BFCBCAFED0}.Release|Any CPU.ActiveCfg = Release|Any CPU
		{4A167500-EF15-49CE-ABDE-C9BFCBCAFED0}.Release|Any CPU.Build.0 = Release|Any CPU
		{7AD2D822-EC52-4EF8-B837-99B4C2B3B9C7}.Debug|Any CPU.ActiveCfg = Debug|Any CPU
		{7AD2D822-EC52-4EF8-B837-99B4C2B3B9C7}.Debug|Any CPU.Build.0 = Debug|Any CPU
		{7AD2D822-EC52-4EF8-B837-99B4C2B3B9C7}.Release|Any CPU.ActiveCfg = Release|Any CPU
		{7AD2D822-EC52-4EF8-B837-99B4C2B3B9C7}.Release|Any CPU.Build.0 = Release|Any CPU
		{39FCE395-2B0B-40DC-A26C-DBEF13391A74}.Debug|Any CPU.ActiveCfg = Debug|Any CPU
		{39FCE395-2B0B-40DC-A26C-DBEF13391A74}.Debug|Any CPU.Build.0 = Debug|Any CPU
		{39FCE395-2B0B-40DC-A26C-DBEF13391A74}.Release|Any CPU.ActiveCfg = Release|Any CPU
		{39FCE395-2B0B-40DC-A26C-DBEF13391A74}.Release|Any CPU.Build.0 = Release|Any CPU
		{C170C78B-80A1-4A58-AC3E-33111D2E2937}.Debug|Any CPU.ActiveCfg = Debug|Any CPU
		{C170C78B-80A1-4A58-AC3E-33111D2E2937}.Debug|Any CPU.Build.0 = Debug|Any CPU
		{C170C78B-80A1-4A58-AC3E-33111D2E2937}.Release|Any CPU.ActiveCfg = Release|Any CPU
		{C170C78B-80A1-4A58-AC3E-33111D2E2937}.Release|Any CPU.Build.0 = Release|Any CPU
		{951571D0-7965-40E3-8A6E-77BF35FE2997}.Debug|Any CPU.ActiveCfg = Debug|Any CPU
		{951571D0-7965-40E3-8A6E-77BF35FE2997}.Debug|Any CPU.Build.0 = Debug|Any CPU
		{951571D0-7965-40E3-8A6E-77BF35FE2997}.Release|Any CPU.ActiveCfg = Release|Any CPU
		{951571D0-7965-40E3-8A6E-77BF35FE2997}.Release|Any CPU.Build.0 = Release|Any CPU
		{52C06C23-B803-4884-BE2A-2A8356D80A63}.Debug|Any CPU.ActiveCfg = Debug|Any CPU
		{52C06C23-B803-4884-BE2A-2A8356D80A63}.Debug|Any CPU.Build.0 = Debug|Any CPU
		{52C06C23-B803-4884-BE2A-2A8356D80A63}.Release|Any CPU.ActiveCfg = Release|Any CPU
		{52C06C23-B803-4884-BE2A-2A8356D80A63}.Release|Any CPU.Build.0 = Release|Any CPU
	EndGlobalSection
	GlobalSection(SolutionProperties) = preSolution
		HideSolutionNode = FALSE
	EndGlobalSection
	GlobalSection(NestedProjects) = preSolution
		{715A97C5-763B-40BF-9750-8B0CE9B813D7} = {3A636B64-5E3C-47BB-9B7C-404744A5C54A}
		{3E44B572-B296-4AD4-907F-4B72604269F3} = {3A636B64-5E3C-47BB-9B7C-404744A5C54A}
		{6041E6C9-8EE9-4DAB-8508-C26CC6CF4203} = {3A636B64-5E3C-47BB-9B7C-404744A5C54A}
		{B58EAE98-EB96-4FA8-9F2A-9F986432C824} = {3A636B64-5E3C-47BB-9B7C-404744A5C54A}
		{8F2A023A-48E7-4FFA-8DEC-D9F5842D262B} = {3A636B64-5E3C-47BB-9B7C-404744A5C54A}
		{F7C1F393-AA32-49F3-B829-8C6C5C42DBF5} = {3A636B64-5E3C-47BB-9B7C-404744A5C54A}
		{47E259EA-D292-4882-AA83-70A7A6BC5172} = {3A636B64-5E3C-47BB-9B7C-404744A5C54A}
		{9818E197-07B2-4815-970E-CA6107C2D215} = {3A636B64-5E3C-47BB-9B7C-404744A5C54A}
		{F4C1B8C6-3DE9-45E8-8E13-7D1647F0F8C7} = {E39A697C-A5AD-411D-A1C4-793688BEE9EF}
		{20313740-1B92-4B09-B8A3-D2239FB6BBC5} = {F4C1B8C6-3DE9-45E8-8E13-7D1647F0F8C7}
		{DAE52FD9-B02C-4D28-B198-D5F78B593AE9} = {E39A697C-A5AD-411D-A1C4-793688BEE9EF}
		{F9B3C3FF-E275-48DC-A456-6649A69CDF51} = {E39A697C-A5AD-411D-A1C4-793688BEE9EF}
		{96CA7BF4-B8BA-4F36-A9CC-DF31C32E6A6E} = {E39A697C-A5AD-411D-A1C4-793688BEE9EF}
		{3AD8B856-27E0-4F8D-8864-05CBD0B02053} = {E39A697C-A5AD-411D-A1C4-793688BEE9EF}
		{6D616896-6797-4221-BE95-39009F19F804} = {E39A697C-A5AD-411D-A1C4-793688BEE9EF}
		{201C64AA-C5A9-44CE-9D1B-5580BFC018E8} = {E39A697C-A5AD-411D-A1C4-793688BEE9EF}
		{16E4CA0A-FB3F-42B0-8CB0-ECE7AD482F7E} = {CB2AABA0-B6B1-48E2-9A11-B70975E7A435}
		{4A167500-EF15-49CE-ABDE-C9BFCBCAFED0} = {1CA0809A-E05D-4ED9-A8D6-DA13FC54C58D}
		{8A3D71F6-7F77-4EA8-B665-89B40440D3EF} = {FC553821-E6BB-4F27-A808-F87FFDFC98BD}
		{7AD2D822-EC52-4EF8-B837-99B4C2B3B9C7} = {8A3D71F6-7F77-4EA8-B665-89B40440D3EF}
		{39FCE395-2B0B-40DC-A26C-DBEF13391A74} = {3A636B64-5E3C-47BB-9B7C-404744A5C54A}
		{C170C78B-80A1-4A58-AC3E-33111D2E2937} = {3A636B64-5E3C-47BB-9B7C-404744A5C54A}
		{951571D0-7965-40E3-8A6E-77BF35FE2997} = {3A636B64-5E3C-47BB-9B7C-404744A5C54A}
		{52C06C23-B803-4884-BE2A-2A8356D80A63} = {3A636B64-5E3C-47BB-9B7C-404744A5C54A}
	EndGlobalSection
	GlobalSection(ExtensibilityGlobals) = postSolution
		SolutionGuid = {C021FC90-6120-47ED-9B4B-4570664DCF3F}
	EndGlobalSection
EndGlobal
