
Microsoft Visual Studio Solution File, Format Version 12.00
# Visual Studio 15
VisualStudioVersion = 15.0.28010.2003
MinimumVisualStudioVersion = 10.0.40219.1
Project("{2150E333-8FDC-42A3-9474-1A3956D46DE8}") = ".libs", ".libs", "{DFAC15FA-526B-46BC-AE0C-062F37093AB8}"
EndProject
Project("{2150E333-8FDC-42A3-9474-1A3956D46DE8}") = "Application", "Application", "{4817CF01-865B-427B-B141-3DC10943642E}"
EndProject
Project("{2150E333-8FDC-42A3-9474-1A3956D46DE8}") = "BackgroundTasks", "BackgroundTasks", "{293042D2-8379-4422-A6CE-69C6BEB40172}"
EndProject
Project("{2150E333-8FDC-42A3-9474-1A3956D46DE8}") = "Shared", "Shared", "{FD128042-9507-4EBB-B8DE-BCC8045523CF}"
EndProject
Project("{2150E333-8FDC-42A3-9474-1A3956D46DE8}") = "Tests", "Tests", "{14A0E24D-94DA-4936-9BB8-9EF5101937E6}"
EndProject
Project("{2150E333-8FDC-42A3-9474-1A3956D46DE8}") = "WebApps", "WebApps", "{A3D6F4BA-7F6D-461C-92B0-75DAD2EAB098}"
EndProject
Project("{2150E333-8FDC-42A3-9474-1A3956D46DE8}") = "Hosts", "Hosts", "{B450CA23-C5D0-4632-9AEF-E9693DA7A242}"
EndProject
Project("{2150E333-8FDC-42A3-9474-1A3956D46DE8}") = "FakeHttpServices", "FakeHttpServices", "{652F01B2-862A-44AF-B8FD-65E36EFD725E}"
EndProject
Project("{9A19103F-16F7-4668-BE54-9A1E7A4F7556}") = "Galaxy", "libs\Galaxy\Galaxy.csproj", "{06A95858-D77D-42E2-B27B-2B3EC19030DD}"
EndProject
Project("{9A19103F-16F7-4668-BE54-9A1E7A4F7556}") = "Galaxy.Cache", "libs\Galaxy.Cache\Galaxy.Cache.csproj", "{FAA2AD3F-972D-43A1-8FCD-FE38A293D55A}"
EndProject
Project("{9A19103F-16F7-4668-BE54-9A1E7A4F7556}") = "Galaxy.EntityFrameworkCore", "libs\Galaxy.EntityFrameworkCore\Galaxy.EntityFrameworkCore.csproj", "{0012F941-F549-4FF8-8CAF-75A67EDFAB33}"
EndProject
Project("{9A19103F-16F7-4668-BE54-9A1E7A4F7556}") = "Galaxy.FluentValidation", "libs\Galaxy.FluentValidation\Galaxy.FluentValidation.csproj", "{5E4A8DF6-6A02-44BA-AF91-D20DEA5F93DA}"
EndProject
Project("{9A19103F-16F7-4668-BE54-9A1E7A4F7556}") = "Galaxy.Mapster", "libs\Galaxy.Mapster\Galaxy.Mapster.csproj", "{83D4664B-57CC-410D-8ED8-4590B8ECB983}"
EndProject
Project("{9A19103F-16F7-4668-BE54-9A1E7A4F7556}") = "Galaxy.RabbitMQ", "libs\Galaxy.RabbitMQ\Galaxy.RabbitMQ.csproj", "{E1E8127D-A2FA-4CE5-A779-8E0FA3111396}"
EndProject
Project("{9A19103F-16F7-4668-BE54-9A1E7A4F7556}") = "Galaxy.Resilence", "libs\Galaxy.Resilence\Galaxy.Resilence.csproj", "{C0368B95-AB04-41F0-A4E8-4456382E6CA0}"
EndProject
Project("{9A19103F-16F7-4668-BE54-9A1E7A4F7556}") = "Galaxy.Serilog", "libs\Galaxy.Serilog\Galaxy.Serilog.csproj", "{DAD511BB-3F3A-46E0-83DB-9B0338C5FF23}"
EndProject
Project("{9A19103F-16F7-4668-BE54-9A1E7A4F7556}") = "Galaxy.Gateway.API", "Application\Hosts\Galaxy.Gateway.API\Galaxy.Gateway.API.csproj", "{3082D1AB-D21A-4F82-BD91-5D716B9CED96}"
EndProject
Project("{9A19103F-16F7-4668-BE54-9A1E7A4F7556}") = "Galaxy.Gateway.Application", "Application\Galaxy.Gateway.Application\Galaxy.Gateway.Application.csproj", "{4A92F8FE-9EC3-4958-9E94-2A84176FAB54}"
EndProject
Project("{9A19103F-16F7-4668-BE54-9A1E7A4F7556}") = "Galaxy.Gateway.Application.Contracts", "Application\Galaxy.Gateway.Application.Contracts\Galaxy.Gateway.Application.Contracts.csproj", "{B3E0D35B-D277-4C11-808D-81B46759D6EB}"
EndProject
Project("{9A19103F-16F7-4668-BE54-9A1E7A4F7556}") = "Galaxy.Gateway.CommandHandlers", "Application\Galaxy.Gateway.CommandHandlers\Galaxy.Gateway.CommandHandlers.csproj", "{400705D9-A27A-4C9D-8C25-4DA742126181}"
EndProject
Project("{9A19103F-16F7-4668-BE54-9A1E7A4F7556}") = "Galaxy.Gateway.IntegrationEvents", "Application\Galaxy.Gateway.IntegrationEvents\Galaxy.Gateway.IntegrationEvents.csproj", "{A41EFF01-2C2D-47EB-AA5D-6D5C94C98975}"
EndProject
Project("{9A19103F-16F7-4668-BE54-9A1E7A4F7556}") = "Galaxy.Gateway.Middlewares", "Application\Galaxy.Gateway.Middlewares\Galaxy.Gateway.Middlewares.csproj", "{55850F53-BE2B-4D89-BB24-BBB81F5E2EDF}"
EndProject
Project("{9A19103F-16F7-4668-BE54-9A1E7A4F7556}") = "Galaxy.Gateway.QueryHandlers", "Application\Galaxy.Gateway.QueryHandlers\Galaxy.Gateway.QueryHandlers.csproj", "{6A6DE3BE-7E5C-4258-B2C7-ADE4CE2CF492}"
EndProject
Project("{9A19103F-16F7-4668-BE54-9A1E7A4F7556}") = "Galaxy.Gateway.BackgroundTasks", "BackgroundTasks\Galaxy.Gateway.BackgroundTasks\Galaxy.Gateway.BackgroundTasks.csproj", "{3EAC5E9F-AB08-4570-9856-389EB6E212D4}"
EndProject
Project("{9A19103F-16F7-4668-BE54-9A1E7A4F7556}") = "Galaxy.Gateway.Shared", "Shared\Galaxy.Gateway.Shared\Galaxy.Gateway.Shared.csproj", "{3FDDB693-9836-48ED-BD38-AF0324727FE1}"
EndProject
Project("{9A19103F-16F7-4668-BE54-9A1E7A4F7556}") = "Galaxy.Fake.API", "Tests\Galaxy.Fake.API\Galaxy.Fake.API.csproj", "{7AACF72A-6FE7-4166-AE7B-CB34209A68BD}"
EndProject
Project("{9A19103F-16F7-4668-BE54-9A1E7A4F7556}") = "Galaxy.Gateway.WebMVC", "WebApps\Galaxy.Gateway.WebMVC\Galaxy.Gateway.WebMVC.csproj", "{C11D29F8-FFDA-4BA0-B052-21517A2F1FCC}"
EndProject
Project("{9A19103F-16F7-4668-BE54-9A1E7A4F7556}") = "Galaxy.Redis", "libs\Galaxy.Redis\Galaxy.Redis.csproj", "{75F5B9AA-0ED8-46F3-862E-985A01AE4692}"
EndProject
Project("{9A19103F-16F7-4668-BE54-9A1E7A4F7556}") = "Galaxy.AutoMapper", "libs\Galaxy.AutoMapper\Galaxy.AutoMapper.csproj", "{9A50ADF3-7435-4687-9A19-2C055B5664F5}"
EndProject
Project("{9A19103F-16F7-4668-BE54-9A1E7A4F7556}") = "Galaxy.NewtonSoftJson", "libs\Galaxy.NewtonSoftJson\Galaxy.NewtonSoftJson.csproj", "{31A2AF1B-2011-430A-9E2F-4BF1E2CF598E}"
EndProject
Project("{9A19103F-16F7-4668-BE54-9A1E7A4F7556}") = "Galaxy.Utf8Json", "libs\Galaxy.Utf8Json\Galaxy.Utf8Json.csproj", "{D12E572E-9367-4CC6-AC08-D4051EC0D77B}"
EndProject
Global
	GlobalSection(SolutionConfigurationPlatforms) = preSolution
		Debug|Any CPU = Debug|Any CPU
		Release|Any CPU = Release|Any CPU
	EndGlobalSection
	GlobalSection(ProjectConfigurationPlatforms) = postSolution
		{06A95858-D77D-42E2-B27B-2B3EC19030DD}.Debug|Any CPU.ActiveCfg = Debug|Any CPU
		{06A95858-D77D-42E2-B27B-2B3EC19030DD}.Debug|Any CPU.Build.0 = Debug|Any CPU
		{06A95858-D77D-42E2-B27B-2B3EC19030DD}.Release|Any CPU.ActiveCfg = Release|Any CPU
		{06A95858-D77D-42E2-B27B-2B3EC19030DD}.Release|Any CPU.Build.0 = Release|Any CPU
		{FAA2AD3F-972D-43A1-8FCD-FE38A293D55A}.Debug|Any CPU.ActiveCfg = Debug|Any CPU
		{FAA2AD3F-972D-43A1-8FCD-FE38A293D55A}.Debug|Any CPU.Build.0 = Debug|Any CPU
		{FAA2AD3F-972D-43A1-8FCD-FE38A293D55A}.Release|Any CPU.ActiveCfg = Release|Any CPU
		{FAA2AD3F-972D-43A1-8FCD-FE38A293D55A}.Release|Any CPU.Build.0 = Release|Any CPU
		{0012F941-F549-4FF8-8CAF-75A67EDFAB33}.Debug|Any CPU.ActiveCfg = Debug|Any CPU
		{0012F941-F549-4FF8-8CAF-75A67EDFAB33}.Debug|Any CPU.Build.0 = Debug|Any CPU
		{0012F941-F549-4FF8-8CAF-75A67EDFAB33}.Release|Any CPU.ActiveCfg = Release|Any CPU
		{0012F941-F549-4FF8-8CAF-75A67EDFAB33}.Release|Any CPU.Build.0 = Release|Any CPU
		{5E4A8DF6-6A02-44BA-AF91-D20DEA5F93DA}.Debug|Any CPU.ActiveCfg = Debug|Any CPU
		{5E4A8DF6-6A02-44BA-AF91-D20DEA5F93DA}.Debug|Any CPU.Build.0 = Debug|Any CPU
		{5E4A8DF6-6A02-44BA-AF91-D20DEA5F93DA}.Release|Any CPU.ActiveCfg = Release|Any CPU
		{5E4A8DF6-6A02-44BA-AF91-D20DEA5F93DA}.Release|Any CPU.Build.0 = Release|Any CPU
		{83D4664B-57CC-410D-8ED8-4590B8ECB983}.Debug|Any CPU.ActiveCfg = Debug|Any CPU
		{83D4664B-57CC-410D-8ED8-4590B8ECB983}.Debug|Any CPU.Build.0 = Debug|Any CPU
		{83D4664B-57CC-410D-8ED8-4590B8ECB983}.Release|Any CPU.ActiveCfg = Release|Any CPU
		{83D4664B-57CC-410D-8ED8-4590B8ECB983}.Release|Any CPU.Build.0 = Release|Any CPU
		{E1E8127D-A2FA-4CE5-A779-8E0FA3111396}.Debug|Any CPU.ActiveCfg = Debug|Any CPU
		{E1E8127D-A2FA-4CE5-A779-8E0FA3111396}.Debug|Any CPU.Build.0 = Debug|Any CPU
		{E1E8127D-A2FA-4CE5-A779-8E0FA3111396}.Release|Any CPU.ActiveCfg = Release|Any CPU
		{E1E8127D-A2FA-4CE5-A779-8E0FA3111396}.Release|Any CPU.Build.0 = Release|Any CPU
		{C0368B95-AB04-41F0-A4E8-4456382E6CA0}.Debug|Any CPU.ActiveCfg = Debug|Any CPU
		{C0368B95-AB04-41F0-A4E8-4456382E6CA0}.Debug|Any CPU.Build.0 = Debug|Any CPU
		{C0368B95-AB04-41F0-A4E8-4456382E6CA0}.Release|Any CPU.ActiveCfg = Release|Any CPU
		{C0368B95-AB04-41F0-A4E8-4456382E6CA0}.Release|Any CPU.Build.0 = Release|Any CPU
		{DAD511BB-3F3A-46E0-83DB-9B0338C5FF23}.Debug|Any CPU.ActiveCfg = Debug|Any CPU
		{DAD511BB-3F3A-46E0-83DB-9B0338C5FF23}.Debug|Any CPU.Build.0 = Debug|Any CPU
		{DAD511BB-3F3A-46E0-83DB-9B0338C5FF23}.Release|Any CPU.ActiveCfg = Release|Any CPU
		{DAD511BB-3F3A-46E0-83DB-9B0338C5FF23}.Release|Any CPU.Build.0 = Release|Any CPU
		{3082D1AB-D21A-4F82-BD91-5D716B9CED96}.Debug|Any CPU.ActiveCfg = Debug|Any CPU
		{3082D1AB-D21A-4F82-BD91-5D716B9CED96}.Debug|Any CPU.Build.0 = Debug|Any CPU
		{3082D1AB-D21A-4F82-BD91-5D716B9CED96}.Release|Any CPU.ActiveCfg = Release|Any CPU
		{3082D1AB-D21A-4F82-BD91-5D716B9CED96}.Release|Any CPU.Build.0 = Release|Any CPU
		{4A92F8FE-9EC3-4958-9E94-2A84176FAB54}.Debug|Any CPU.ActiveCfg = Debug|Any CPU
		{4A92F8FE-9EC3-4958-9E94-2A84176FAB54}.Debug|Any CPU.Build.0 = Debug|Any CPU
		{4A92F8FE-9EC3-4958-9E94-2A84176FAB54}.Release|Any CPU.ActiveCfg = Release|Any CPU
		{4A92F8FE-9EC3-4958-9E94-2A84176FAB54}.Release|Any CPU.Build.0 = Release|Any CPU
		{B3E0D35B-D277-4C11-808D-81B46759D6EB}.Debug|Any CPU.ActiveCfg = Debug|Any CPU
		{B3E0D35B-D277-4C11-808D-81B46759D6EB}.Debug|Any CPU.Build.0 = Debug|Any CPU
		{B3E0D35B-D277-4C11-808D-81B46759D6EB}.Release|Any CPU.ActiveCfg = Release|Any CPU
		{B3E0D35B-D277-4C11-808D-81B46759D6EB}.Release|Any CPU.Build.0 = Release|Any CPU
		{400705D9-A27A-4C9D-8C25-4DA742126181}.Debug|Any CPU.ActiveCfg = Debug|Any CPU
		{400705D9-A27A-4C9D-8C25-4DA742126181}.Debug|Any CPU.Build.0 = Debug|Any CPU
		{400705D9-A27A-4C9D-8C25-4DA742126181}.Release|Any CPU.ActiveCfg = Release|Any CPU
		{400705D9-A27A-4C9D-8C25-4DA742126181}.Release|Any CPU.Build.0 = Release|Any CPU
		{A41EFF01-2C2D-47EB-AA5D-6D5C94C98975}.Debug|Any CPU.ActiveCfg = Debug|Any CPU
		{A41EFF01-2C2D-47EB-AA5D-6D5C94C98975}.Debug|Any CPU.Build.0 = Debug|Any CPU
		{A41EFF01-2C2D-47EB-AA5D-6D5C94C98975}.Release|Any CPU.ActiveCfg = Release|Any CPU
		{A41EFF01-2C2D-47EB-AA5D-6D5C94C98975}.Release|Any CPU.Build.0 = Release|Any CPU
		{55850F53-BE2B-4D89-BB24-BBB81F5E2EDF}.Debug|Any CPU.ActiveCfg = Debug|Any CPU
		{55850F53-BE2B-4D89-BB24-BBB81F5E2EDF}.Debug|Any CPU.Build.0 = Debug|Any CPU
		{55850F53-BE2B-4D89-BB24-BBB81F5E2EDF}.Release|Any CPU.ActiveCfg = Release|Any CPU
		{55850F53-BE2B-4D89-BB24-BBB81F5E2EDF}.Release|Any CPU.Build.0 = Release|Any CPU
		{6A6DE3BE-7E5C-4258-B2C7-ADE4CE2CF492}.Debug|Any CPU.ActiveCfg = Debug|Any CPU
		{6A6DE3BE-7E5C-4258-B2C7-ADE4CE2CF492}.Debug|Any CPU.Build.0 = Debug|Any CPU
		{6A6DE3BE-7E5C-4258-B2C7-ADE4CE2CF492}.Release|Any CPU.ActiveCfg = Release|Any CPU
		{6A6DE3BE-7E5C-4258-B2C7-ADE4CE2CF492}.Release|Any CPU.Build.0 = Release|Any CPU
		{3EAC5E9F-AB08-4570-9856-389EB6E212D4}.Debug|Any CPU.ActiveCfg = Debug|Any CPU
		{3EAC5E9F-AB08-4570-9856-389EB6E212D4}.Debug|Any CPU.Build.0 = Debug|Any CPU
		{3EAC5E9F-AB08-4570-9856-389EB6E212D4}.Release|Any CPU.ActiveCfg = Release|Any CPU
		{3EAC5E9F-AB08-4570-9856-389EB6E212D4}.Release|Any CPU.Build.0 = Release|Any CPU
		{3FDDB693-9836-48ED-BD38-AF0324727FE1}.Debug|Any CPU.ActiveCfg = Debug|Any CPU
		{3FDDB693-9836-48ED-BD38-AF0324727FE1}.Debug|Any CPU.Build.0 = Debug|Any CPU
		{3FDDB693-9836-48ED-BD38-AF0324727FE1}.Release|Any CPU.ActiveCfg = Release|Any CPU
		{3FDDB693-9836-48ED-BD38-AF0324727FE1}.Release|Any CPU.Build.0 = Release|Any CPU
		{7AACF72A-6FE7-4166-AE7B-CB34209A68BD}.Debug|Any CPU.ActiveCfg = Debug|Any CPU
		{7AACF72A-6FE7-4166-AE7B-CB34209A68BD}.Debug|Any CPU.Build.0 = Debug|Any CPU
		{7AACF72A-6FE7-4166-AE7B-CB34209A68BD}.Release|Any CPU.ActiveCfg = Release|Any CPU
		{7AACF72A-6FE7-4166-AE7B-CB34209A68BD}.Release|Any CPU.Build.0 = Release|Any CPU
		{C11D29F8-FFDA-4BA0-B052-21517A2F1FCC}.Debug|Any CPU.ActiveCfg = Debug|Any CPU
		{C11D29F8-FFDA-4BA0-B052-21517A2F1FCC}.Debug|Any CPU.Build.0 = Debug|Any CPU
		{C11D29F8-FFDA-4BA0-B052-21517A2F1FCC}.Release|Any CPU.ActiveCfg = Release|Any CPU
		{C11D29F8-FFDA-4BA0-B052-21517A2F1FCC}.Release|Any CPU.Build.0 = Release|Any CPU
		{75F5B9AA-0ED8-46F3-862E-985A01AE4692}.Debug|Any CPU.ActiveCfg = Debug|Any CPU
		{75F5B9AA-0ED8-46F3-862E-985A01AE4692}.Debug|Any CPU.Build.0 = Debug|Any CPU
		{75F5B9AA-0ED8-46F3-862E-985A01AE4692}.Release|Any CPU.ActiveCfg = Release|Any CPU
		{75F5B9AA-0ED8-46F3-862E-985A01AE4692}.Release|Any CPU.Build.0 = Release|Any CPU
		{9A50ADF3-7435-4687-9A19-2C055B5664F5}.Debug|Any CPU.ActiveCfg = Debug|Any CPU
		{9A50ADF3-7435-4687-9A19-2C055B5664F5}.Debug|Any CPU.Build.0 = Debug|Any CPU
		{9A50ADF3-7435-4687-9A19-2C055B5664F5}.Release|Any CPU.ActiveCfg = Release|Any CPU
		{9A50ADF3-7435-4687-9A19-2C055B5664F5}.Release|Any CPU.Build.0 = Release|Any CPU
		{31A2AF1B-2011-430A-9E2F-4BF1E2CF598E}.Debug|Any CPU.ActiveCfg = Debug|Any CPU
		{31A2AF1B-2011-430A-9E2F-4BF1E2CF598E}.Debug|Any CPU.Build.0 = Debug|Any CPU
		{31A2AF1B-2011-430A-9E2F-4BF1E2CF598E}.Release|Any CPU.ActiveCfg = Release|Any CPU
		{31A2AF1B-2011-430A-9E2F-4BF1E2CF598E}.Release|Any CPU.Build.0 = Release|Any CPU
		{D12E572E-9367-4CC6-AC08-D4051EC0D77B}.Debug|Any CPU.ActiveCfg = Debug|Any CPU
		{D12E572E-9367-4CC6-AC08-D4051EC0D77B}.Debug|Any CPU.Build.0 = Debug|Any CPU
		{D12E572E-9367-4CC6-AC08-D4051EC0D77B}.Release|Any CPU.ActiveCfg = Release|Any CPU
		{D12E572E-9367-4CC6-AC08-D4051EC0D77B}.Release|Any CPU.Build.0 = Release|Any CPU
	EndGlobalSection
	GlobalSection(SolutionProperties) = preSolution
		HideSolutionNode = FALSE
	EndGlobalSection
	GlobalSection(NestedProjects) = preSolution
		{B450CA23-C5D0-4632-9AEF-E9693DA7A242} = {4817CF01-865B-427B-B141-3DC10943642E}
		{652F01B2-862A-44AF-B8FD-65E36EFD725E} = {14A0E24D-94DA-4936-9BB8-9EF5101937E6}
		{06A95858-D77D-42E2-B27B-2B3EC19030DD} = {DFAC15FA-526B-46BC-AE0C-062F37093AB8}
		{FAA2AD3F-972D-43A1-8FCD-FE38A293D55A} = {DFAC15FA-526B-46BC-AE0C-062F37093AB8}
		{0012F941-F549-4FF8-8CAF-75A67EDFAB33} = {DFAC15FA-526B-46BC-AE0C-062F37093AB8}
		{5E4A8DF6-6A02-44BA-AF91-D20DEA5F93DA} = {DFAC15FA-526B-46BC-AE0C-062F37093AB8}
		{83D4664B-57CC-410D-8ED8-4590B8ECB983} = {DFAC15FA-526B-46BC-AE0C-062F37093AB8}
		{E1E8127D-A2FA-4CE5-A779-8E0FA3111396} = {DFAC15FA-526B-46BC-AE0C-062F37093AB8}
		{C0368B95-AB04-41F0-A4E8-4456382E6CA0} = {DFAC15FA-526B-46BC-AE0C-062F37093AB8}
		{DAD511BB-3F3A-46E0-83DB-9B0338C5FF23} = {DFAC15FA-526B-46BC-AE0C-062F37093AB8}
		{3082D1AB-D21A-4F82-BD91-5D716B9CED96} = {B450CA23-C5D0-4632-9AEF-E9693DA7A242}
		{4A92F8FE-9EC3-4958-9E94-2A84176FAB54} = {4817CF01-865B-427B-B141-3DC10943642E}
		{B3E0D35B-D277-4C11-808D-81B46759D6EB} = {4817CF01-865B-427B-B141-3DC10943642E}
		{400705D9-A27A-4C9D-8C25-4DA742126181} = {4817CF01-865B-427B-B141-3DC10943642E}
		{A41EFF01-2C2D-47EB-AA5D-6D5C94C98975} = {4817CF01-865B-427B-B141-3DC10943642E}
		{55850F53-BE2B-4D89-BB24-BBB81F5E2EDF} = {4817CF01-865B-427B-B141-3DC10943642E}
		{6A6DE3BE-7E5C-4258-B2C7-ADE4CE2CF492} = {4817CF01-865B-427B-B141-3DC10943642E}
		{3EAC5E9F-AB08-4570-9856-389EB6E212D4} = {293042D2-8379-4422-A6CE-69C6BEB40172}
		{3FDDB693-9836-48ED-BD38-AF0324727FE1} = {FD128042-9507-4EBB-B8DE-BCC8045523CF}
		{7AACF72A-6FE7-4166-AE7B-CB34209A68BD} = {652F01B2-862A-44AF-B8FD-65E36EFD725E}
		{C11D29F8-FFDA-4BA0-B052-21517A2F1FCC} = {A3D6F4BA-7F6D-461C-92B0-75DAD2EAB098}
		{75F5B9AA-0ED8-46F3-862E-985A01AE4692} = {DFAC15FA-526B-46BC-AE0C-062F37093AB8}
		{9A50ADF3-7435-4687-9A19-2C055B5664F5} = {DFAC15FA-526B-46BC-AE0C-062F37093AB8}
		{31A2AF1B-2011-430A-9E2F-4BF1E2CF598E} = {DFAC15FA-526B-46BC-AE0C-062F37093AB8}
		{D12E572E-9367-4CC6-AC08-D4051EC0D77B} = {DFAC15FA-526B-46BC-AE0C-062F37093AB8}
	EndGlobalSection
	GlobalSection(ExtensibilityGlobals) = postSolution
		SolutionGuid = {1FC28147-2B70-4B5B-BDD6-8ADE37542129}
	EndGlobalSection
EndGlobal
