
Microsoft Visual Studio Solution File, Format Version 12.00
# Visual Studio 15
VisualStudioVersion = 15.0.28010.2003
MinimumVisualStudioVersion = 10.0.40219.1
Project("{2150E333-8FDC-42A3-9474-1A3956D46DE8}") = ".libs", ".libs", "{B6224314-D879-49DC-A518-7AFE9BEEFEFF}"
EndProject
Project("{9A19103F-16F7-4668-BE54-9A1E7A4F7556}") = "Galaxy.FluentValidation", "libs\Galaxy.FluentValidation\Galaxy.FluentValidation.csproj", "{B4A8678E-E6DF-4325-818C-2A59F6FB8B77}"
EndProject
Project("{9A19103F-16F7-4668-BE54-9A1E7A4F7556}") = "Galaxy.Resilence", "libs\Galaxy.Resilence\Galaxy.Resilence.csproj", "{456CC6CA-3AC4-4DBE-A5E4-497CD88F5711}"
EndProject
Project("{2150E333-8FDC-42A3-9474-1A3956D46DE8}") = "Tests", "Tests", "{65308F98-D329-4001-9EC6-A14CD60BEA4B}"
EndProject
Project("{2150E333-8FDC-42A3-9474-1A3956D46DE8}") = "WebApps", "WebApps", "{E26C51A6-7902-47B6-909F-094A96978C04}"
EndProject
Project("{2150E333-8FDC-42A3-9474-1A3956D46DE8}") = "Application", "Application", "{BE65C440-57B1-4D3F-B135-F9C4E3E72DCC}"
EndProject
Project("{2150E333-8FDC-42A3-9474-1A3956D46DE8}") = "Hosts", "Hosts", "{16AAA179-FA8A-45C9-8A51-DD588886312A}"
EndProject
Project("{9A19103F-16F7-4668-BE54-9A1E7A4F7556}") = "Galaxy.Gateway.API", "Application\Hosts\Galaxy.Gateway.API\Galaxy.Gateway.API.csproj", "{C9736B37-2130-47FE-9650-826D0D1DA066}"
EndProject
Project("{9A19103F-16F7-4668-BE54-9A1E7A4F7556}") = "Galaxy.Gateway.Middlewares", "Application\Galaxy.Gateway.Middlewares\Galaxy.Gateway.Middlewares.csproj", "{14576480-2E33-4845-8854-4B9E5F31E37F}"
EndProject
Project("{9A19103F-16F7-4668-BE54-9A1E7A4F7556}") = "Galaxy.Gateway.IntegrationEvents", "Application\Galaxy.Gateway.IntegrationEvents\Galaxy.Gateway.IntegrationEvents.csproj", "{492E3AC5-4BAB-4483-98E3-DAFBE7836112}"
EndProject
Project("{2150E333-8FDC-42A3-9474-1A3956D46DE8}") = "BackgroundTasks", "BackgroundTasks", "{2DFABAA9-7530-4EA7-9F96-483E93FC549B}"
EndProject
Project("{9A19103F-16F7-4668-BE54-9A1E7A4F7556}") = "Galaxy.Gateway.BackgroundTasks", "BackgroundTasks\Galaxy.Gateway.BackgroundTasks\Galaxy.Gateway.BackgroundTasks.csproj", "{82533A7C-0730-48A3-A884-22080AF2C94F}"
EndProject
Project("{9A19103F-16F7-4668-BE54-9A1E7A4F7556}") = "Galaxy.Gateway.Api.Tests", "Tests\Galaxy.Gateway.Api.Tests\Galaxy.Gateway.Api.Tests.csproj", "{B7BC45E1-092D-46D8-8BB2-3A59AD16F909}"
EndProject
Project("{9A19103F-16F7-4668-BE54-9A1E7A4F7556}") = "Galaxy.Gateway.WebMVC", "WebApps\Galaxy.Gateway.WebMVC\Galaxy.Gateway.WebMVC.csproj", "{EF0A660F-63F8-4A42-B21C-21D7615B76ED}"
EndProject
Project("{2150E333-8FDC-42A3-9474-1A3956D46DE8}") = "Shared", "Shared", "{11783BB1-49D3-4247-A7AE-DD94B6852043}"
EndProject
Project("{9A19103F-16F7-4668-BE54-9A1E7A4F7556}") = "Galaxy.Gateway.Shared", "Shared\Galaxy.Gateway.Shared\Galaxy.Gateway.Shared.csproj", "{A4B70F1E-79E0-43B6-A722-0495B89CF12B}"
EndProject
Project("{2150E333-8FDC-42A3-9474-1A3956D46DE8}") = ".builds", ".builds", "{72074EB6-18FD-49EE-AACD-E06D451A19BB}"
EndProject
Project("{9A19103F-16F7-4668-BE54-9A1E7A4F7556}") = "Galaxy.Gateway.Application", "Application\Galaxy.Gateway.Application\Galaxy.Gateway.Application.csproj", "{44975E3A-DDCD-47FA-B9B1-FE17A355475E}"
EndProject
Project("{9A19103F-16F7-4668-BE54-9A1E7A4F7556}") = "Galaxy.Gateway.Application.Contracts", "Application\Galaxy.Gateway.Application.Contracts\Galaxy.Gateway.Application.Contracts.csproj", "{40B7D2E4-C56F-4F1E-BC66-5A5E6BF79F95}"
EndProject
Project("{9A19103F-16F7-4668-BE54-9A1E7A4F7556}") = "Galaxy.Gateway.CommandHandlers", "Application\Galaxy.Gateway.CommandHandlers\Galaxy.Gateway.CommandHandlers.csproj", "{9380820B-B40A-4FB2-AC80-154EE3BC6AB0}"
EndProject
Project("{9A19103F-16F7-4668-BE54-9A1E7A4F7556}") = "Galaxy.Gateway.QueryHandlers", "Application\Galaxy.Gateway.QueryHandlers\Galaxy.Gateway.QueryHandlers.csproj", "{3411ACFC-CAAB-4091-BC0E-59A0E6389F19}"
EndProject
Project("{9A19103F-16F7-4668-BE54-9A1E7A4F7556}") = "Galaxy.Gateway.Application.Tests", "Tests\Galaxy.Gateway.Application.Tests\Galaxy.Gateway.Application.Tests.csproj", "{F3D8D6DA-2FE1-442B-A210-3E8C05E295B1}"
EndProject
Project("{2150E333-8FDC-42A3-9474-1A3956D46DE8}") = "FakeHttpServices", "FakeHttpServices", "{71A29C72-8961-4905-838B-EE140BF3DB5A}"
EndProject
Project("{9A19103F-16F7-4668-BE54-9A1E7A4F7556}") = "Galaxy.Fake.API", "Tests\Galaxy.Fake.API\Galaxy.Fake.API.csproj", "{55B72517-050A-4DDF-98F5-0D6FD1B87948}"
EndProject
Project("{2150E333-8FDC-42A3-9474-1A3956D46DE8}") = ".benchmarks", ".benchmarks", "{170A2F02-EF2E-408E-9C73-D176FFDEC99C}"
	ProjectSection(SolutionItems) = preProject
		Benchmarks\PGW-Main.jmx = Benchmarks\PGW-Main.jmx
	EndProjectSection
EndProject
Project("{9A19103F-16F7-4668-BE54-9A1E7A4F7556}") = "Galaxy.Gateway.Benchmarks", "Benchmarks\Galaxy.Gateway.Benchmarks\Galaxy.Gateway.Benchmarks.csproj", "{D98917F7-F2C8-4BC8-8643-4CC54F71A64E}"
EndProject
Project("{9A19103F-16F7-4668-BE54-9A1E7A4F7556}") = "Galaxy.Gateway.WebSPA", "WebApps\Galaxy.Gateway.WebSPA\Galaxy.Gateway.WebSPA.csproj", "{20BC8363-08DD-4C4D-94E3-0C1285C935CE}"
EndProject
Project("{9A19103F-16F7-4668-BE54-9A1E7A4F7556}") = "Galaxy.TestBase", "Tests\Galaxy.TestBase\Galaxy.TestBase.csproj", "{9990DC05-8738-4B47-B2D6-BC2542BC7140}"
EndProject
Global
	GlobalSection(SolutionConfigurationPlatforms) = preSolution
		Debug|Any CPU = Debug|Any CPU
		Release|Any CPU = Release|Any CPU
	EndGlobalSection
	GlobalSection(ProjectConfigurationPlatforms) = postSolution
		{B4A8678E-E6DF-4325-818C-2A59F6FB8B77}.Debug|Any CPU.ActiveCfg = Debug|Any CPU
		{B4A8678E-E6DF-4325-818C-2A59F6FB8B77}.Debug|Any CPU.Build.0 = Debug|Any CPU
		{B4A8678E-E6DF-4325-818C-2A59F6FB8B77}.Release|Any CPU.ActiveCfg = Release|Any CPU
		{B4A8678E-E6DF-4325-818C-2A59F6FB8B77}.Release|Any CPU.Build.0 = Release|Any CPU
		{456CC6CA-3AC4-4DBE-A5E4-497CD88F5711}.Debug|Any CPU.ActiveCfg = Debug|Any CPU
		{456CC6CA-3AC4-4DBE-A5E4-497CD88F5711}.Debug|Any CPU.Build.0 = Debug|Any CPU
		{456CC6CA-3AC4-4DBE-A5E4-497CD88F5711}.Release|Any CPU.ActiveCfg = Release|Any CPU
		{456CC6CA-3AC4-4DBE-A5E4-497CD88F5711}.Release|Any CPU.Build.0 = Release|Any CPU
		{C9736B37-2130-47FE-9650-826D0D1DA066}.Debug|Any CPU.ActiveCfg = Debug|Any CPU
		{C9736B37-2130-47FE-9650-826D0D1DA066}.Debug|Any CPU.Build.0 = Debug|Any CPU
		{C9736B37-2130-47FE-9650-826D0D1DA066}.Release|Any CPU.ActiveCfg = Release|Any CPU
		{C9736B37-2130-47FE-9650-826D0D1DA066}.Release|Any CPU.Build.0 = Release|Any CPU
		{14576480-2E33-4845-8854-4B9E5F31E37F}.Debug|Any CPU.ActiveCfg = Debug|Any CPU
		{14576480-2E33-4845-8854-4B9E5F31E37F}.Debug|Any CPU.Build.0 = Debug|Any CPU
		{14576480-2E33-4845-8854-4B9E5F31E37F}.Release|Any CPU.ActiveCfg = Release|Any CPU
		{14576480-2E33-4845-8854-4B9E5F31E37F}.Release|Any CPU.Build.0 = Release|Any CPU
		{492E3AC5-4BAB-4483-98E3-DAFBE7836112}.Debug|Any CPU.ActiveCfg = Debug|Any CPU
		{492E3AC5-4BAB-4483-98E3-DAFBE7836112}.Debug|Any CPU.Build.0 = Debug|Any CPU
		{492E3AC5-4BAB-4483-98E3-DAFBE7836112}.Release|Any CPU.ActiveCfg = Release|Any CPU
		{492E3AC5-4BAB-4483-98E3-DAFBE7836112}.Release|Any CPU.Build.0 = Release|Any CPU
		{82533A7C-0730-48A3-A884-22080AF2C94F}.Debug|Any CPU.ActiveCfg = Debug|Any CPU
		{82533A7C-0730-48A3-A884-22080AF2C94F}.Debug|Any CPU.Build.0 = Debug|Any CPU
		{82533A7C-0730-48A3-A884-22080AF2C94F}.Release|Any CPU.ActiveCfg = Release|Any CPU
		{82533A7C-0730-48A3-A884-22080AF2C94F}.Release|Any CPU.Build.0 = Release|Any CPU
		{B7BC45E1-092D-46D8-8BB2-3A59AD16F909}.Debug|Any CPU.ActiveCfg = Debug|Any CPU
		{B7BC45E1-092D-46D8-8BB2-3A59AD16F909}.Debug|Any CPU.Build.0 = Debug|Any CPU
		{B7BC45E1-092D-46D8-8BB2-3A59AD16F909}.Release|Any CPU.ActiveCfg = Release|Any CPU
		{B7BC45E1-092D-46D8-8BB2-3A59AD16F909}.Release|Any CPU.Build.0 = Release|Any CPU
		{EF0A660F-63F8-4A42-B21C-21D7615B76ED}.Debug|Any CPU.ActiveCfg = Debug|Any CPU
		{EF0A660F-63F8-4A42-B21C-21D7615B76ED}.Debug|Any CPU.Build.0 = Debug|Any CPU
		{EF0A660F-63F8-4A42-B21C-21D7615B76ED}.Release|Any CPU.ActiveCfg = Release|Any CPU
		{EF0A660F-63F8-4A42-B21C-21D7615B76ED}.Release|Any CPU.Build.0 = Release|Any CPU
		{A4B70F1E-79E0-43B6-A722-0495B89CF12B}.Debug|Any CPU.ActiveCfg = Debug|Any CPU
		{A4B70F1E-79E0-43B6-A722-0495B89CF12B}.Debug|Any CPU.Build.0 = Debug|Any CPU
		{A4B70F1E-79E0-43B6-A722-0495B89CF12B}.Release|Any CPU.ActiveCfg = Release|Any CPU
		{A4B70F1E-79E0-43B6-A722-0495B89CF12B}.Release|Any CPU.Build.0 = Release|Any CPU
		{44975E3A-DDCD-47FA-B9B1-FE17A355475E}.Debug|Any CPU.ActiveCfg = Debug|Any CPU
		{44975E3A-DDCD-47FA-B9B1-FE17A355475E}.Debug|Any CPU.Build.0 = Debug|Any CPU
		{44975E3A-DDCD-47FA-B9B1-FE17A355475E}.Release|Any CPU.ActiveCfg = Release|Any CPU
		{44975E3A-DDCD-47FA-B9B1-FE17A355475E}.Release|Any CPU.Build.0 = Release|Any CPU
		{40B7D2E4-C56F-4F1E-BC66-5A5E6BF79F95}.Debug|Any CPU.ActiveCfg = Debug|Any CPU
		{40B7D2E4-C56F-4F1E-BC66-5A5E6BF79F95}.Debug|Any CPU.Build.0 = Debug|Any CPU
		{40B7D2E4-C56F-4F1E-BC66-5A5E6BF79F95}.Release|Any CPU.ActiveCfg = Release|Any CPU
		{40B7D2E4-C56F-4F1E-BC66-5A5E6BF79F95}.Release|Any CPU.Build.0 = Release|Any CPU
		{9380820B-B40A-4FB2-AC80-154EE3BC6AB0}.Debug|Any CPU.ActiveCfg = Debug|Any CPU
		{9380820B-B40A-4FB2-AC80-154EE3BC6AB0}.Debug|Any CPU.Build.0 = Debug|Any CPU
		{9380820B-B40A-4FB2-AC80-154EE3BC6AB0}.Release|Any CPU.ActiveCfg = Release|Any CPU
		{9380820B-B40A-4FB2-AC80-154EE3BC6AB0}.Release|Any CPU.Build.0 = Release|Any CPU
		{3411ACFC-CAAB-4091-BC0E-59A0E6389F19}.Debug|Any CPU.ActiveCfg = Debug|Any CPU
		{3411ACFC-CAAB-4091-BC0E-59A0E6389F19}.Debug|Any CPU.Build.0 = Debug|Any CPU
		{3411ACFC-CAAB-4091-BC0E-59A0E6389F19}.Release|Any CPU.ActiveCfg = Release|Any CPU
		{3411ACFC-CAAB-4091-BC0E-59A0E6389F19}.Release|Any CPU.Build.0 = Release|Any CPU
		{F3D8D6DA-2FE1-442B-A210-3E8C05E295B1}.Debug|Any CPU.ActiveCfg = Debug|Any CPU
		{F3D8D6DA-2FE1-442B-A210-3E8C05E295B1}.Debug|Any CPU.Build.0 = Debug|Any CPU
		{F3D8D6DA-2FE1-442B-A210-3E8C05E295B1}.Release|Any CPU.ActiveCfg = Release|Any CPU
		{F3D8D6DA-2FE1-442B-A210-3E8C05E295B1}.Release|Any CPU.Build.0 = Release|Any CPU
		{55B72517-050A-4DDF-98F5-0D6FD1B87948}.Debug|Any CPU.ActiveCfg = Debug|Any CPU
		{55B72517-050A-4DDF-98F5-0D6FD1B87948}.Debug|Any CPU.Build.0 = Debug|Any CPU
		{55B72517-050A-4DDF-98F5-0D6FD1B87948}.Release|Any CPU.ActiveCfg = Release|Any CPU
		{55B72517-050A-4DDF-98F5-0D6FD1B87948}.Release|Any CPU.Build.0 = Release|Any CPU
		{D98917F7-F2C8-4BC8-8643-4CC54F71A64E}.Debug|Any CPU.ActiveCfg = Debug|Any CPU
		{D98917F7-F2C8-4BC8-8643-4CC54F71A64E}.Debug|Any CPU.Build.0 = Debug|Any CPU
		{D98917F7-F2C8-4BC8-8643-4CC54F71A64E}.Release|Any CPU.ActiveCfg = Release|Any CPU
		{D98917F7-F2C8-4BC8-8643-4CC54F71A64E}.Release|Any CPU.Build.0 = Release|Any CPU
		{20BC8363-08DD-4C4D-94E3-0C1285C935CE}.Debug|Any CPU.ActiveCfg = Debug|Any CPU
		{20BC8363-08DD-4C4D-94E3-0C1285C935CE}.Debug|Any CPU.Build.0 = Debug|Any CPU
		{20BC8363-08DD-4C4D-94E3-0C1285C935CE}.Release|Any CPU.ActiveCfg = Release|Any CPU
		{20BC8363-08DD-4C4D-94E3-0C1285C935CE}.Release|Any CPU.Build.0 = Release|Any CPU
		{9990DC05-8738-4B47-B2D6-BC2542BC7140}.Debug|Any CPU.ActiveCfg = Debug|Any CPU
		{9990DC05-8738-4B47-B2D6-BC2542BC7140}.Debug|Any CPU.Build.0 = Debug|Any CPU
		{9990DC05-8738-4B47-B2D6-BC2542BC7140}.Release|Any CPU.ActiveCfg = Release|Any CPU
		{9990DC05-8738-4B47-B2D6-BC2542BC7140}.Release|Any CPU.Build.0 = Release|Any CPU
	EndGlobalSection
	GlobalSection(SolutionProperties) = preSolution
		HideSolutionNode = FALSE
	EndGlobalSection
	GlobalSection(NestedProjects) = preSolution
		{B4A8678E-E6DF-4325-818C-2A59F6FB8B77} = {B6224314-D879-49DC-A518-7AFE9BEEFEFF}
		{456CC6CA-3AC4-4DBE-A5E4-497CD88F5711} = {B6224314-D879-49DC-A518-7AFE9BEEFEFF}
		{16AAA179-FA8A-45C9-8A51-DD588886312A} = {BE65C440-57B1-4D3F-B135-F9C4E3E72DCC}
		{C9736B37-2130-47FE-9650-826D0D1DA066} = {16AAA179-FA8A-45C9-8A51-DD588886312A}
		{14576480-2E33-4845-8854-4B9E5F31E37F} = {BE65C440-57B1-4D3F-B135-F9C4E3E72DCC}
		{492E3AC5-4BAB-4483-98E3-DAFBE7836112} = {BE65C440-57B1-4D3F-B135-F9C4E3E72DCC}
		{82533A7C-0730-48A3-A884-22080AF2C94F} = {2DFABAA9-7530-4EA7-9F96-483E93FC549B}
		{B7BC45E1-092D-46D8-8BB2-3A59AD16F909} = {65308F98-D329-4001-9EC6-A14CD60BEA4B}
		{EF0A660F-63F8-4A42-B21C-21D7615B76ED} = {E26C51A6-7902-47B6-909F-094A96978C04}
		{A4B70F1E-79E0-43B6-A722-0495B89CF12B} = {11783BB1-49D3-4247-A7AE-DD94B6852043}
		{44975E3A-DDCD-47FA-B9B1-FE17A355475E} = {BE65C440-57B1-4D3F-B135-F9C4E3E72DCC}
		{40B7D2E4-C56F-4F1E-BC66-5A5E6BF79F95} = {BE65C440-57B1-4D3F-B135-F9C4E3E72DCC}
		{9380820B-B40A-4FB2-AC80-154EE3BC6AB0} = {BE65C440-57B1-4D3F-B135-F9C4E3E72DCC}
		{3411ACFC-CAAB-4091-BC0E-59A0E6389F19} = {BE65C440-57B1-4D3F-B135-F9C4E3E72DCC}
		{F3D8D6DA-2FE1-442B-A210-3E8C05E295B1} = {65308F98-D329-4001-9EC6-A14CD60BEA4B}
		{71A29C72-8961-4905-838B-EE140BF3DB5A} = {65308F98-D329-4001-9EC6-A14CD60BEA4B}
		{55B72517-050A-4DDF-98F5-0D6FD1B87948} = {71A29C72-8961-4905-838B-EE140BF3DB5A}
		{D98917F7-F2C8-4BC8-8643-4CC54F71A64E} = {170A2F02-EF2E-408E-9C73-D176FFDEC99C}
		{20BC8363-08DD-4C4D-94E3-0C1285C935CE} = {E26C51A6-7902-47B6-909F-094A96978C04}
		{9990DC05-8738-4B47-B2D6-BC2542BC7140} = {65308F98-D329-4001-9EC6-A14CD60BEA4B}
	EndGlobalSection
	GlobalSection(ExtensibilityGlobals) = postSolution
		SolutionGuid = {8D7C9F38-3791-411F-9120-517B3176367C}
	EndGlobalSection
EndGlobal
